
Microsoft Visual Studio Solution File, Format Version 12.00
# Visual Studio Version 16
VisualStudioVersion = 16.0.30907.101
MinimumVisualStudioVersion = 10.0.40219.1
Project("{FAE04EC0-301F-11D3-BF4B-00C04F79EFBC}") = "DSandAlgorithms", "DSandAlgorithms\DSandAlgorithms.csproj", "{060906CC-00F8-47E1-9C67-5139A0056929}"
EndProject
Project("{FAE04EC0-301F-11D3-BF4B-00C04F79EFBC}") = "DS.Arrays", "DS.Arrays\DS.Arrays.csproj", "{E7E2F038-6550-4691-B8A6-529D9247371B}"
EndProject
Project("{FAE04EC0-301F-11D3-BF4B-00C04F79EFBC}") = "DS.HashTables", "DS.HashTables\DS.HashTables.csproj", "{91AA9AA8-1AA6-4AAD-8846-BFF7312F75AE}"
EndProject
Project("{FAE04EC0-301F-11D3-BF4B-00C04F79EFBC}") = "DS.LinkedLists", "DS.LinkedLists\DS.LinkedLists.csproj", "{9E1803B8-01AC-4ACD-96B6-BBBAA3C83726}"
EndProject
Project("{FAE04EC0-301F-11D3-BF4B-00C04F79EFBC}") = "DS.StacksAndQueues", "DS.StacksAndQueues\DS.StacksAndQueues.csproj", "{F3E4A8E4-5219-4E9D-BB77-9B224B523064}"
EndProject
Project("{FAE04EC0-301F-11D3-BF4B-00C04F79EFBC}") = "Algorithms.Recursion", "Algorithms.Recursion\Algorithms.Recursion.csproj", "{B52D2D84-9EDA-4A36-B8B9-03678B9E5AA1}"
EndProject
Project("{FAE04EC0-301F-11D3-BF4B-00C04F79EFBC}") = "Algorithms.Sorting", "Algorithms.Sorting\Algorithms.Sorting.csproj", "{241D46B5-0D9C-4CEB-AC1D-1C1FDCE33A24}"
EndProject
Project("{2150E333-8FDC-42A3-9474-1A3956D46DE8}") = "Data Structures", "Data Structures", "{B11C1DD3-F8B4-4559-A7FB-8D96D7D35618}"
EndProject
Project("{2150E333-8FDC-42A3-9474-1A3956D46DE8}") = "Algorithms", "Algorithms", "{8659DC72-7507-41D6-9F4B-C167F99356FC}"
EndProject
Project("{FAE04EC0-301F-11D3-BF4B-00C04F79EFBC}") = "Algorithms.Searching", "Algorithms.Searching\Algorithms.Searching.csproj", "{42198271-2E51-414F-9A20-D1ED7BFB61E3}"
EndProject
Project("{FAE04EC0-301F-11D3-BF4B-00C04F79EFBC}") = "Dictionary.And.Misc.Questions", "Dictionary.And.Misc.Questions\Dictionary.And.Misc.Questions.csproj", "{6211FF31-A9F7-4FA1-ABE4-E9172DB7E095}"
EndProject
Project("{FAE04EC0-301F-11D3-BF4B-00C04F79EFBC}") = "CodePlayGround", "CodePlayGround\CodePlayGround.csproj", "{30069E4A-CD43-4099-8F18-F917F70E338A}"
EndProject
Project("{FAE04EC0-301F-11D3-BF4B-00C04F79EFBC}") = "Algorithms.DynamicProgramming", "Algorithms.DynamicProgramming\Algorithms.DynamicProgramming.csproj", "{D077335F-3CDA-4CD5-8A36-E32931CE52DA}"
EndProject
Global
	GlobalSection(SolutionConfigurationPlatforms) = preSolution
		Debug|Any CPU = Debug|Any CPU
		Release|Any CPU = Release|Any CPU
	EndGlobalSection
	GlobalSection(ProjectConfigurationPlatforms) = postSolution
		{060906CC-00F8-47E1-9C67-5139A0056929}.Debug|Any CPU.ActiveCfg = Debug|Any CPU
		{060906CC-00F8-47E1-9C67-5139A0056929}.Debug|Any CPU.Build.0 = Debug|Any CPU
		{060906CC-00F8-47E1-9C67-5139A0056929}.Release|Any CPU.ActiveCfg = Release|Any CPU
		{060906CC-00F8-47E1-9C67-5139A0056929}.Release|Any CPU.Build.0 = Release|Any CPU
		{E7E2F038-6550-4691-B8A6-529D9247371B}.Debug|Any CPU.ActiveCfg = Debug|Any CPU
		{E7E2F038-6550-4691-B8A6-529D9247371B}.Debug|Any CPU.Build.0 = Debug|Any CPU
		{E7E2F038-6550-4691-B8A6-529D9247371B}.Release|Any CPU.ActiveCfg = Release|Any CPU
		{E7E2F038-6550-4691-B8A6-529D9247371B}.Release|Any CPU.Build.0 = Release|Any CPU
		{91AA9AA8-1AA6-4AAD-8846-BFF7312F75AE}.Debug|Any CPU.ActiveCfg = Debug|Any CPU
		{91AA9AA8-1AA6-4AAD-8846-BFF7312F75AE}.Debug|Any CPU.Build.0 = Debug|Any CPU
		{91AA9AA8-1AA6-4AAD-8846-BFF7312F75AE}.Release|Any CPU.ActiveCfg = Release|Any CPU
		{91AA9AA8-1AA6-4AAD-8846-BFF7312F75AE}.Release|Any CPU.Build.0 = Release|Any CPU
		{9E1803B8-01AC-4ACD-96B6-BBBAA3C83726}.Debug|Any CPU.ActiveCfg = Debug|Any CPU
		{9E1803B8-01AC-4ACD-96B6-BBBAA3C83726}.Debug|Any CPU.Build.0 = Debug|Any CPU
		{9E1803B8-01AC-4ACD-96B6-BBBAA3C83726}.Release|Any CPU.ActiveCfg = Release|Any CPU
		{9E1803B8-01AC-4ACD-96B6-BBBAA3C83726}.Release|Any CPU.Build.0 = Release|Any CPU
		{F3E4A8E4-5219-4E9D-BB77-9B224B523064}.Debug|Any CPU.ActiveCfg = Debug|Any CPU
		{F3E4A8E4-5219-4E9D-BB77-9B224B523064}.Debug|Any CPU.Build.0 = Debug|Any CPU
		{F3E4A8E4-5219-4E9D-BB77-9B224B523064}.Release|Any CPU.ActiveCfg = Release|Any CPU
		{F3E4A8E4-5219-4E9D-BB77-9B224B523064}.Release|Any CPU.Build.0 = Release|Any CPU
		{B52D2D84-9EDA-4A36-B8B9-03678B9E5AA1}.Debug|Any CPU.ActiveCfg = Debug|Any CPU
		{B52D2D84-9EDA-4A36-B8B9-03678B9E5AA1}.Debug|Any CPU.Build.0 = Debug|Any CPU
		{B52D2D84-9EDA-4A36-B8B9-03678B9E5AA1}.Release|Any CPU.ActiveCfg = Release|Any CPU
		{B52D2D84-9EDA-4A36-B8B9-03678B9E5AA1}.Release|Any CPU.Build.0 = Release|Any CPU
		{241D46B5-0D9C-4CEB-AC1D-1C1FDCE33A24}.Debug|Any CPU.ActiveCfg = Debug|Any CPU
		{241D46B5-0D9C-4CEB-AC1D-1C1FDCE33A24}.Debug|Any CPU.Build.0 = Debug|Any CPU
		{241D46B5-0D9C-4CEB-AC1D-1C1FDCE33A24}.Release|Any CPU.ActiveCfg = Release|Any CPU
		{241D46B5-0D9C-4CEB-AC1D-1C1FDCE33A24}.Release|Any CPU.Build.0 = Release|Any CPU
		{42198271-2E51-414F-9A20-D1ED7BFB61E3}.Debug|Any CPU.ActiveCfg = Debug|Any CPU
		{42198271-2E51-414F-9A20-D1ED7BFB61E3}.Debug|Any CPU.Build.0 = Debug|Any CPU
		{42198271-2E51-414F-9A20-D1ED7BFB61E3}.Release|Any CPU.ActiveCfg = Release|Any CPU
		{42198271-2E51-414F-9A20-D1ED7BFB61E3}.Release|Any CPU.Build.0 = Release|Any CPU
		{6211FF31-A9F7-4FA1-ABE4-E9172DB7E095}.Debug|Any CPU.ActiveCfg = Debug|Any CPU
		{6211FF31-A9F7-4FA1-ABE4-E9172DB7E095}.Debug|Any CPU.Build.0 = Debug|Any CPU
		{6211FF31-A9F7-4FA1-ABE4-E9172DB7E095}.Release|Any CPU.ActiveCfg = Release|Any CPU
		{6211FF31-A9F7-4FA1-ABE4-E9172DB7E095}.Release|Any CPU.Build.0 = Release|Any CPU
		{30069E4A-CD43-4099-8F18-F917F70E338A}.Debug|Any CPU.ActiveCfg = Debug|Any CPU
		{30069E4A-CD43-4099-8F18-F917F70E338A}.Debug|Any CPU.Build.0 = Debug|Any CPU
		{30069E4A-CD43-4099-8F18-F917F70E338A}.Release|Any CPU.ActiveCfg = Release|Any CPU
		{30069E4A-CD43-4099-8F18-F917F70E338A}.Release|Any CPU.Build.0 = Release|Any CPU
		{D077335F-3CDA-4CD5-8A36-E32931CE52DA}.Debug|Any CPU.ActiveCfg = Debug|Any CPU
		{D077335F-3CDA-4CD5-8A36-E32931CE52DA}.Debug|Any CPU.Build.0 = Debug|Any CPU
		{D077335F-3CDA-4CD5-8A36-E32931CE52DA}.Release|Any CPU.ActiveCfg = Release|Any CPU
		{D077335F-3CDA-4CD5-8A36-E32931CE52DA}.Release|Any CPU.Build.0 = Release|Any CPU
	EndGlobalSection
	GlobalSection(SolutionProperties) = preSolution
		HideSolutionNode = FALSE
	EndGlobalSection
	GlobalSection(NestedProjects) = preSolution
		{E7E2F038-6550-4691-B8A6-529D9247371B} = {B11C1DD3-F8B4-4559-A7FB-8D96D7D35618}
		{91AA9AA8-1AA6-4AAD-8846-BFF7312F75AE} = {B11C1DD3-F8B4-4559-A7FB-8D96D7D35618}
		{9E1803B8-01AC-4ACD-96B6-BBBAA3C83726} = {B11C1DD3-F8B4-4559-A7FB-8D96D7D35618}
		{F3E4A8E4-5219-4E9D-BB77-9B224B523064} = {B11C1DD3-F8B4-4559-A7FB-8D96D7D35618}
		{B52D2D84-9EDA-4A36-B8B9-03678B9E5AA1} = {8659DC72-7507-41D6-9F4B-C167F99356FC}
		{241D46B5-0D9C-4CEB-AC1D-1C1FDCE33A24} = {8659DC72-7507-41D6-9F4B-C167F99356FC}
		{42198271-2E51-414F-9A20-D1ED7BFB61E3} = {8659DC72-7507-41D6-9F4B-C167F99356FC}
		{6211FF31-A9F7-4FA1-ABE4-E9172DB7E095} = {B11C1DD3-F8B4-4559-A7FB-8D96D7D35618}
		{D077335F-3CDA-4CD5-8A36-E32931CE52DA} = {8659DC72-7507-41D6-9F4B-C167F99356FC}
	EndGlobalSection
	GlobalSection(ExtensibilityGlobals) = postSolution
		SolutionGuid = {539CC643-7E8A-4611-989D-41E8608E4099}
	EndGlobalSection
EndGlobal
